// !$*UTF8*$!
{
	archiveVersion = 1;
	classes = {
	};
	objectVersion = 50;
	objects = {

/* Begin PBXBuildFile section */
		8B8C9FFA2371DD4700FC838D /* MatrixArithmetic.swift in Sources */ = {isa = PBXBuildFile; fileRef = 8B8C9FF92371DD4700FC838D /* MatrixArithmetic.swift */; };
		8BA1217C2350DA2300C4C3D8 /* Matrix.framework in Frameworks */ = {isa = PBXBuildFile; fileRef = 8BA121722350DA2300C4C3D8 /* Matrix.framework */; };
		8BA121812350DA2300C4C3D8 /* MatrixTests.swift in Sources */ = {isa = PBXBuildFile; fileRef = 8BA121802350DA2300C4C3D8 /* MatrixTests.swift */; };
		8BA121832350DA2300C4C3D8 /* Matrix.h in Headers */ = {isa = PBXBuildFile; fileRef = 8BA121752350DA2300C4C3D8 /* Matrix.h */; settings = {ATTRIBUTES = (Public, ); }; };
		8BA1218D2350DBDD00C4C3D8 /* Matrix.swift in Sources */ = {isa = PBXBuildFile; fileRef = 8BA1218C2350DBDD00C4C3D8 /* Matrix.swift */; };
		8BA1219B2357387400C4C3D8 /* MatrixIndex.swift in Sources */ = {isa = PBXBuildFile; fileRef = 8BA1219A2357387400C4C3D8 /* MatrixIndex.swift */; };
		8BA1219D23587EF600C4C3D8 /* MatrixIterator.swift in Sources */ = {isa = PBXBuildFile; fileRef = 8BA1219C23587EF600C4C3D8 /* MatrixIterator.swift */; };
		8BA87874237B0F5B00F9EF87 /* MatrixArithmeticTests.swift in Sources */ = {isa = PBXBuildFile; fileRef = 8BA87873237B0F5B00F9EF87 /* MatrixArithmeticTests.swift */; };
		8BBFF9E6235892AF006470E9 /* EnumeratedMatrix.swift in Sources */ = {isa = PBXBuildFile; fileRef = 8BBFF9E5235892AF006470E9 /* EnumeratedMatrix.swift */; };
		8BF35B00237DA86B000A2FB4 /* MatrixError.swift in Sources */ = {isa = PBXBuildFile; fileRef = 8BF35AFF237DA86B000A2FB4 /* MatrixError.swift */; };
		8BF35B1C23841BDD000A2FB4 /* MatrixEquatable.swift in Sources */ = {isa = PBXBuildFile; fileRef = 8BF35B1B23841BDD000A2FB4 /* MatrixEquatable.swift */; };
		8BF35B2A238D9312000A2FB4 /* MatrixPower.swift in Sources */ = {isa = PBXBuildFile; fileRef = 8BF35B29238D9312000A2FB4 /* MatrixPower.swift */; };
		E53F4000238A9FF800BDDA70 /* MatrixIndexComparable.swift in Sources */ = {isa = PBXBuildFile; fileRef = E53F3FFF238A9FF800BDDA70 /* MatrixIndexComparable.swift */; };
		E53F4002238AA04500BDDA70 /* MatrixIndexDescription.swift in Sources */ = {isa = PBXBuildFile; fileRef = E53F4001238AA04500BDDA70 /* MatrixIndexDescription.swift */; };
		E53F4004238AC97D00BDDA70 /* MatrixDescription.swift in Sources */ = {isa = PBXBuildFile; fileRef = E53F4003238AC97D00BDDA70 /* MatrixDescription.swift */; };
		E53F4008238AE67500BDDA70 /* MatrixAdd.swift in Sources */ = {isa = PBXBuildFile; fileRef = E53F4007238AE67500BDDA70 /* MatrixAdd.swift */; };
		E53F400A238AE68400BDDA70 /* MatrixSubstract.swift in Sources */ = {isa = PBXBuildFile; fileRef = E53F4009238AE68400BDDA70 /* MatrixSubstract.swift */; };
		E53F400C238AE69900BDDA70 /* MatrixMultiply.swift in Sources */ = {isa = PBXBuildFile; fileRef = E53F400B238AE69900BDDA70 /* MatrixMultiply.swift */; };
/* End PBXBuildFile section */

/* Begin PBXContainerItemProxy section */
		8BA1217D2350DA2300C4C3D8 /* PBXContainerItemProxy */ = {
			isa = PBXContainerItemProxy;
			containerPortal = 8BA121692350DA2300C4C3D8 /* Project object */;
			proxyType = 1;
			remoteGlobalIDString = 8BA121712350DA2300C4C3D8;
			remoteInfo = Matrix;
		};
/* End PBXContainerItemProxy section */

/* Begin PBXFileReference section */
		8B8C9FF92371DD4700FC838D /* MatrixArithmetic.swift */ = {isa = PBXFileReference; lastKnownFileType = sourcecode.swift; path = MatrixArithmetic.swift; sourceTree = "<group>"; };
		8BA121722350DA2300C4C3D8 /* Matrix.framework */ = {isa = PBXFileReference; explicitFileType = wrapper.framework; includeInIndex = 0; path = Matrix.framework; sourceTree = BUILT_PRODUCTS_DIR; };
		8BA121752350DA2300C4C3D8 /* Matrix.h */ = {isa = PBXFileReference; lastKnownFileType = sourcecode.c.h; path = Matrix.h; sourceTree = "<group>"; };
		8BA121762350DA2300C4C3D8 /* Info.plist */ = {isa = PBXFileReference; lastKnownFileType = text.plist.xml; path = Info.plist; sourceTree = "<group>"; };
		8BA1217B2350DA2300C4C3D8 /* MatrixTests.xctest */ = {isa = PBXFileReference; explicitFileType = wrapper.cfbundle; includeInIndex = 0; path = MatrixTests.xctest; sourceTree = BUILT_PRODUCTS_DIR; };
		8BA121802350DA2300C4C3D8 /* MatrixTests.swift */ = {isa = PBXFileReference; lastKnownFileType = sourcecode.swift; path = MatrixTests.swift; sourceTree = "<group>"; usesTabs = 0; };
		8BA121822350DA2300C4C3D8 /* Info.plist */ = {isa = PBXFileReference; lastKnownFileType = text.plist.xml; path = Info.plist; sourceTree = "<group>"; };
		8BA1218C2350DBDD00C4C3D8 /* Matrix.swift */ = {isa = PBXFileReference; lastKnownFileType = sourcecode.swift; path = Matrix.swift; sourceTree = "<group>"; };
		8BA1219A2357387400C4C3D8 /* MatrixIndex.swift */ = {isa = PBXFileReference; lastKnownFileType = sourcecode.swift; path = MatrixIndex.swift; sourceTree = "<group>"; };
		8BA1219C23587EF600C4C3D8 /* MatrixIterator.swift */ = {isa = PBXFileReference; lastKnownFileType = sourcecode.swift; path = MatrixIterator.swift; sourceTree = "<group>"; };
		8BA87873237B0F5B00F9EF87 /* MatrixArithmeticTests.swift */ = {isa = PBXFileReference; lastKnownFileType = sourcecode.swift; path = MatrixArithmeticTests.swift; sourceTree = "<group>"; };
		8BBFF9E5235892AF006470E9 /* EnumeratedMatrix.swift */ = {isa = PBXFileReference; lastKnownFileType = sourcecode.swift; path = EnumeratedMatrix.swift; sourceTree = "<group>"; };
		8BF35AFF237DA86B000A2FB4 /* MatrixError.swift */ = {isa = PBXFileReference; lastKnownFileType = sourcecode.swift; path = MatrixError.swift; sourceTree = "<group>"; };
		8BF35B1B23841BDD000A2FB4 /* MatrixEquatable.swift */ = {isa = PBXFileReference; lastKnownFileType = sourcecode.swift; path = MatrixEquatable.swift; sourceTree = "<group>"; };
		8BF35B29238D9312000A2FB4 /* MatrixPower.swift */ = {isa = PBXFileReference; lastKnownFileType = sourcecode.swift; path = MatrixPower.swift; sourceTree = "<group>"; };
		E53F3FFF238A9FF800BDDA70 /* MatrixIndexComparable.swift */ = {isa = PBXFileReference; lastKnownFileType = sourcecode.swift; path = MatrixIndexComparable.swift; sourceTree = "<group>"; };
		E53F4001238AA04500BDDA70 /* MatrixIndexDescription.swift */ = {isa = PBXFileReference; lastKnownFileType = sourcecode.swift; path = MatrixIndexDescription.swift; sourceTree = "<group>"; };
		E53F4003238AC97D00BDDA70 /* MatrixDescription.swift */ = {isa = PBXFileReference; lastKnownFileType = sourcecode.swift; path = MatrixDescription.swift; sourceTree = "<group>"; };
		E53F4007238AE67500BDDA70 /* MatrixAdd.swift */ = {isa = PBXFileReference; lastKnownFileType = sourcecode.swift; path = MatrixAdd.swift; sourceTree = "<group>"; };
		E53F4009238AE68400BDDA70 /* MatrixSubstract.swift */ = {isa = PBXFileReference; lastKnownFileType = sourcecode.swift; path = MatrixSubstract.swift; sourceTree = "<group>"; };
		E53F400B238AE69900BDDA70 /* MatrixMultiply.swift */ = {isa = PBXFileReference; lastKnownFileType = sourcecode.swift; path = MatrixMultiply.swift; sourceTree = "<group>"; };
/* End PBXFileReference section */

/* Begin PBXFrameworksBuildPhase section */
		8BA1216F2350DA2300C4C3D8 /* Frameworks */ = {
			isa = PBXFrameworksBuildPhase;
			buildActionMask = 2147483647;
			files = (
			);
			runOnlyForDeploymentPostprocessing = 0;
		};
		8BA121782350DA2300C4C3D8 /* Frameworks */ = {
			isa = PBXFrameworksBuildPhase;
			buildActionMask = 2147483647;
			files = (
				8BA1217C2350DA2300C4C3D8 /* Matrix.framework in Frameworks */,
			);
			runOnlyForDeploymentPostprocessing = 0;
		};
/* End PBXFrameworksBuildPhase section */

/* Begin PBXGroup section */
		8B8C9FF82371DD2900FC838D /* Extensions */ = {
			isa = PBXGroup;
			children = (
				8BF35B28238D41D0000A2FB4 /* Protocols */,
				E53F4005238AE62700BDDA70 /* Arithmetic */,
			);
			path = Extensions;
			sourceTree = "<group>";
		};
		8BA121682350DA2300C4C3D8 = {
			isa = PBXGroup;
			children = (
				8BA121742350DA2300C4C3D8 /* Matrix */,
				8BA1217F2350DA2300C4C3D8 /* MatrixTests */,
				8BA121732350DA2300C4C3D8 /* Products */,
			);
			sourceTree = "<group>";
		};
		8BA121732350DA2300C4C3D8 /* Products */ = {
			isa = PBXGroup;
			children = (
				8BA121722350DA2300C4C3D8 /* Matrix.framework */,
				8BA1217B2350DA2300C4C3D8 /* MatrixTests.xctest */,
			);
			name = Products;
			sourceTree = "<group>";
		};
		8BA121742350DA2300C4C3D8 /* Matrix */ = {
			isa = PBXGroup;
			children = (
				8B8C9FF82371DD2900FC838D /* Extensions */,
				8BA1218E2354C0A100C4C3D8 /* Objects */,
				8BA121752350DA2300C4C3D8 /* Matrix.h */,
				8BA121762350DA2300C4C3D8 /* Info.plist */,
			);
			path = Matrix;
			sourceTree = "<group>";
		};
		8BA1217F2350DA2300C4C3D8 /* MatrixTests */ = {
			isa = PBXGroup;
			children = (
				8BA121802350DA2300C4C3D8 /* MatrixTests.swift */,
				8BA87873237B0F5B00F9EF87 /* MatrixArithmeticTests.swift */,
				8BA121822350DA2300C4C3D8 /* Info.plist */,
			);
			path = MatrixTests;
			sourceTree = "<group>";
		};
		8BA1218E2354C0A100C4C3D8 /* Objects */ = {
			isa = PBXGroup;
			children = (
				8BBFF9E5235892AF006470E9 /* EnumeratedMatrix.swift */,
				8BA1218C2350DBDD00C4C3D8 /* Matrix.swift */,
				8BF35AFF237DA86B000A2FB4 /* MatrixError.swift */,
				8BA1219A2357387400C4C3D8 /* MatrixIndex.swift */,
				8BA1219C23587EF600C4C3D8 /* MatrixIterator.swift */,
			);
			path = Objects;
			sourceTree = "<group>";
		};
		8BF35B28238D41D0000A2FB4 /* Protocols */ = {
			isa = PBXGroup;
			children = (
				E53F3FFC238A9F7300BDDA70 /* Comparable */,
				E53F3FFB238A9F6400BDDA70 /* CustomStringConvertible */,
				E53F3FFA238A9EE300BDDA70 /* Equatable */,
			);
			path = Protocols;
			sourceTree = "<group>";
		};
		E53F3FFA238A9EE300BDDA70 /* Equatable */ = {
			isa = PBXGroup;
			children = (
				8BF35B1B23841BDD000A2FB4 /* MatrixEquatable.swift */,
			);
			path = Equatable;
			sourceTree = "<group>";
		};
		E53F3FFB238A9F6400BDDA70 /* CustomStringConvertible */ = {
			isa = PBXGroup;
			children = (
				E53F4001238AA04500BDDA70 /* MatrixIndexDescription.swift */,
				E53F4003238AC97D00BDDA70 /* MatrixDescription.swift */,
			);
			path = CustomStringConvertible;
			sourceTree = "<group>";
		};
		E53F3FFC238A9F7300BDDA70 /* Comparable */ = {
			isa = PBXGroup;
			children = (
				E53F3FFF238A9FF800BDDA70 /* MatrixIndexComparable.swift */,
			);
			path = Comparable;
			sourceTree = "<group>";
		};
		E53F4005238AE62700BDDA70 /* Arithmetic */ = {
			isa = PBXGroup;
			children = (
				E53F4006238AE64C00BDDA70 /* BasicOperators */,
				8B8C9FF92371DD4700FC838D /* MatrixArithmetic.swift */,
			);
			path = Arithmetic;
			sourceTree = "<group>";
		};
		E53F4006238AE64C00BDDA70 /* BasicOperators */ = {
			isa = PBXGroup;
			children = (
				E53F4007238AE67500BDDA70 /* MatrixAdd.swift */,
				E53F4009238AE68400BDDA70 /* MatrixSubstract.swift */,
				E53F400B238AE69900BDDA70 /* MatrixMultiply.swift */,
				8BF35B29238D9312000A2FB4 /* MatrixPower.swift */,
			);
			path = BasicOperators;
			sourceTree = "<group>";
		};
/* End PBXGroup section */

/* Begin PBXHeadersBuildPhase section */
		8BA1216D2350DA2300C4C3D8 /* Headers */ = {
			isa = PBXHeadersBuildPhase;
			buildActionMask = 2147483647;
			files = (
				8BA121832350DA2300C4C3D8 /* Matrix.h in Headers */,
			);
			runOnlyForDeploymentPostprocessing = 0;
		};
/* End PBXHeadersBuildPhase section */

/* Begin PBXNativeTarget section */
		8BA121712350DA2300C4C3D8 /* Matrix */ = {
			isa = PBXNativeTarget;
			buildConfigurationList = 8BA121862350DA2300C4C3D8 /* Build configuration list for PBXNativeTarget "Matrix" */;
			buildPhases = (
				8BA1216D2350DA2300C4C3D8 /* Headers */,
				8BA1216E2350DA2300C4C3D8 /* Sources */,
				8BA1216F2350DA2300C4C3D8 /* Frameworks */,
				8BA121702350DA2300C4C3D8 /* Resources */,
			);
			buildRules = (
			);
			dependencies = (
			);
			name = Matrix;
			productName = Matrix;
			productReference = 8BA121722350DA2300C4C3D8 /* Matrix.framework */;
			productType = "com.apple.product-type.framework";
		};
		8BA1217A2350DA2300C4C3D8 /* MatrixTests */ = {
			isa = PBXNativeTarget;
			buildConfigurationList = 8BA121892350DA2300C4C3D8 /* Build configuration list for PBXNativeTarget "MatrixTests" */;
			buildPhases = (
				8BA121772350DA2300C4C3D8 /* Sources */,
				8BA121782350DA2300C4C3D8 /* Frameworks */,
				8BA121792350DA2300C4C3D8 /* Resources */,
			);
			buildRules = (
			);
			dependencies = (
				8BA1217E2350DA2300C4C3D8 /* PBXTargetDependency */,
			);
			name = MatrixTests;
			productName = MatrixTests;
			productReference = 8BA1217B2350DA2300C4C3D8 /* MatrixTests.xctest */;
			productType = "com.apple.product-type.bundle.unit-test";
		};
/* End PBXNativeTarget section */

/* Begin PBXProject section */
		8BA121692350DA2300C4C3D8 /* Project object */ = {
			isa = PBXProject;
			attributes = {
				LastSwiftUpdateCheck = 1100;
				LastUpgradeCheck = 1100;
				ORGANIZATIONNAME = Star;
				TargetAttributes = {
					8BA121712350DA2300C4C3D8 = {
						CreatedOnToolsVersion = 11.0;
						LastSwiftMigration = 1100;
					};
					8BA1217A2350DA2300C4C3D8 = {
						CreatedOnToolsVersion = 11.0;
					};
				};
			};
			buildConfigurationList = 8BA1216C2350DA2300C4C3D8 /* Build configuration list for PBXProject "Matrix" */;
			compatibilityVersion = "Xcode 9.3";
			developmentRegion = en;
			hasScannedForEncodings = 0;
			knownRegions = (
				en,
				Base,
			);
			mainGroup = 8BA121682350DA2300C4C3D8;
			productRefGroup = 8BA121732350DA2300C4C3D8 /* Products */;
			projectDirPath = "";
			projectRoot = "";
			targets = (
				8BA121712350DA2300C4C3D8 /* Matrix */,
				8BA1217A2350DA2300C4C3D8 /* MatrixTests */,
			);
		};
/* End PBXProject section */

/* Begin PBXResourcesBuildPhase section */
		8BA121702350DA2300C4C3D8 /* Resources */ = {
			isa = PBXResourcesBuildPhase;
			buildActionMask = 2147483647;
			files = (
			);
			runOnlyForDeploymentPostprocessing = 0;
		};
		8BA121792350DA2300C4C3D8 /* Resources */ = {
			isa = PBXResourcesBuildPhase;
			buildActionMask = 2147483647;
			files = (
			);
			runOnlyForDeploymentPostprocessing = 0;
		};
/* End PBXResourcesBuildPhase section */

/* Begin PBXSourcesBuildPhase section */
		8BA1216E2350DA2300C4C3D8 /* Sources */ = {
			isa = PBXSourcesBuildPhase;
			buildActionMask = 2147483647;
			files = (
				8B8C9FFA2371DD4700FC838D /* MatrixArithmetic.swift in Sources */,
				E53F400C238AE69900BDDA70 /* MatrixMultiply.swift in Sources */,
				8BF35B00237DA86B000A2FB4 /* MatrixError.swift in Sources */,
				8BBFF9E6235892AF006470E9 /* EnumeratedMatrix.swift in Sources */,
				E53F4004238AC97D00BDDA70 /* MatrixDescription.swift in Sources */,
				E53F4000238A9FF800BDDA70 /* MatrixIndexComparable.swift in Sources */,
				E53F4002238AA04500BDDA70 /* MatrixIndexDescription.swift in Sources */,
				8BA1218D2350DBDD00C4C3D8 /* Matrix.swift in Sources */,
				8BA1219D23587EF600C4C3D8 /* MatrixIterator.swift in Sources */,
				E53F400A238AE68400BDDA70 /* MatrixSubstract.swift in Sources */,
				8BF35B2A238D9312000A2FB4 /* MatrixPower.swift in Sources */,
				8BA1219B2357387400C4C3D8 /* MatrixIndex.swift in Sources */,
				8BF35B1C23841BDD000A2FB4 /* MatrixEquatable.swift in Sources */,
				E53F4008238AE67500BDDA70 /* MatrixAdd.swift in Sources */,
			);
			runOnlyForDeploymentPostprocessing = 0;
		};
		8BA121772350DA2300C4C3D8 /* Sources */ = {
			isa = PBXSourcesBuildPhase;
			buildActionMask = 2147483647;
			files = (
				8BA87874237B0F5B00F9EF87 /* MatrixArithmeticTests.swift in Sources */,
				8BA121812350DA2300C4C3D8 /* MatrixTests.swift in Sources */,
			);
			runOnlyForDeploymentPostprocessing = 0;
		};
/* End PBXSourcesBuildPhase section */

/* Begin PBXTargetDependency section */
		8BA1217E2350DA2300C4C3D8 /* PBXTargetDependency */ = {
			isa = PBXTargetDependency;
			target = 8BA121712350DA2300C4C3D8 /* Matrix */;
			targetProxy = 8BA1217D2350DA2300C4C3D8 /* PBXContainerItemProxy */;
		};
/* End PBXTargetDependency section */

/* Begin XCBuildConfiguration section */
		8BA121842350DA2300C4C3D8 /* Debug */ = {
			isa = XCBuildConfiguration;
			buildSettings = {
				ALWAYS_SEARCH_USER_PATHS = NO;
				CLANG_ANALYZER_NONNULL = YES;
				CLANG_ANALYZER_NUMBER_OBJECT_CONVERSION = YES_AGGRESSIVE;
				CLANG_CXX_LANGUAGE_STANDARD = "gnu++14";
				CLANG_CXX_LIBRARY = "libc++";
				CLANG_ENABLE_MODULES = YES;
				CLANG_ENABLE_OBJC_ARC = YES;
				CLANG_ENABLE_OBJC_WEAK = YES;
				CLANG_WARN_BLOCK_CAPTURE_AUTORELEASING = YES;
				CLANG_WARN_BOOL_CONVERSION = YES;
				CLANG_WARN_COMMA = YES;
				CLANG_WARN_CONSTANT_CONVERSION = YES;
				CLANG_WARN_DEPRECATED_OBJC_IMPLEMENTATIONS = YES;
				CLANG_WARN_DIRECT_OBJC_ISA_USAGE = YES_ERROR;
				CLANG_WARN_DOCUMENTATION_COMMENTS = YES;
				CLANG_WARN_EMPTY_BODY = YES;
				CLANG_WARN_ENUM_CONVERSION = YES;
				CLANG_WARN_INFINITE_RECURSION = YES;
				CLANG_WARN_INT_CONVERSION = YES;
				CLANG_WARN_NON_LITERAL_NULL_CONVERSION = YES;
				CLANG_WARN_OBJC_IMPLICIT_RETAIN_SELF = YES;
				CLANG_WARN_OBJC_LITERAL_CONVERSION = YES;
				CLANG_WARN_OBJC_ROOT_CLASS = YES_ERROR;
				CLANG_WARN_RANGE_LOOP_ANALYSIS = YES;
				CLANG_WARN_STRICT_PROTOTYPES = YES;
				CLANG_WARN_SUSPICIOUS_MOVE = YES;
				CLANG_WARN_UNGUARDED_AVAILABILITY = YES_AGGRESSIVE;
				CLANG_WARN_UNREACHABLE_CODE = YES;
				CLANG_WARN__DUPLICATE_METHOD_MATCH = YES;
				COPY_PHASE_STRIP = NO;
				CURRENT_PROJECT_VERSION = 1;
				DEBUG_INFORMATION_FORMAT = dwarf;
				ENABLE_STRICT_OBJC_MSGSEND = YES;
				ENABLE_TESTABILITY = YES;
				GCC_C_LANGUAGE_STANDARD = gnu11;
				GCC_DYNAMIC_NO_PIC = NO;
				GCC_NO_COMMON_BLOCKS = YES;
				GCC_OPTIMIZATION_LEVEL = 0;
				GCC_PREPROCESSOR_DEFINITIONS = (
					"DEBUG=1",
					"$(inherited)",
				);
				GCC_WARN_64_TO_32_BIT_CONVERSION = YES;
				GCC_WARN_ABOUT_RETURN_TYPE = YES_ERROR;
				GCC_WARN_UNDECLARED_SELECTOR = YES;
				GCC_WARN_UNINITIALIZED_AUTOS = YES_AGGRESSIVE;
				GCC_WARN_UNUSED_FUNCTION = YES;
				GCC_WARN_UNUSED_VARIABLE = YES;
				IPHONEOS_DEPLOYMENT_TARGET = 13.0;
				MTL_ENABLE_DEBUG_INFO = INCLUDE_SOURCE;
				MTL_FAST_MATH = YES;
				ONLY_ACTIVE_ARCH = YES;
				SDKROOT = iphoneos;
				SWIFT_ACTIVE_COMPILATION_CONDITIONS = DEBUG;
				SWIFT_OPTIMIZATION_LEVEL = "-Onone";
				VERSIONING_SYSTEM = "apple-generic";
				VERSION_INFO_PREFIX = "";
			};
			name = Debug;
		};
		8BA121852350DA2300C4C3D8 /* Release */ = {
			isa = XCBuildConfiguration;
			buildSettings = {
				ALWAYS_SEARCH_USER_PATHS = NO;
				CLANG_ANALYZER_NONNULL = YES;
				CLANG_ANALYZER_NUMBER_OBJECT_CONVERSION = YES_AGGRESSIVE;
				CLANG_CXX_LANGUAGE_STANDARD = "gnu++14";
				CLANG_CXX_LIBRARY = "libc++";
				CLANG_ENABLE_MODULES = YES;
				CLANG_ENABLE_OBJC_ARC = YES;
				CLANG_ENABLE_OBJC_WEAK = YES;
				CLANG_WARN_BLOCK_CAPTURE_AUTORELEASING = YES;
				CLANG_WARN_BOOL_CONVERSION = YES;
				CLANG_WARN_COMMA = YES;
				CLANG_WARN_CONSTANT_CONVERSION = YES;
				CLANG_WARN_DEPRECATED_OBJC_IMPLEMENTATIONS = YES;
				CLANG_WARN_DIRECT_OBJC_ISA_USAGE = YES_ERROR;
				CLANG_WARN_DOCUMENTATION_COMMENTS = YES;
				CLANG_WARN_EMPTY_BODY = YES;
				CLANG_WARN_ENUM_CONVERSION = YES;
				CLANG_WARN_INFINITE_RECURSION = YES;
				CLANG_WARN_INT_CONVERSION = YES;
				CLANG_WARN_NON_LITERAL_NULL_CONVERSION = YES;
				CLANG_WARN_OBJC_IMPLICIT_RETAIN_SELF = YES;
				CLANG_WARN_OBJC_LITERAL_CONVERSION = YES;
				CLANG_WARN_OBJC_ROOT_CLASS = YES_ERROR;
				CLANG_WARN_RANGE_LOOP_ANALYSIS = YES;
				CLANG_WARN_STRICT_PROTOTYPES = YES;
				CLANG_WARN_SUSPICIOUS_MOVE = YES;
				CLANG_WARN_UNGUARDED_AVAILABILITY = YES_AGGRESSIVE;
				CLANG_WARN_UNREACHABLE_CODE = YES;
				CLANG_WARN__DUPLICATE_METHOD_MATCH = YES;
				COPY_PHASE_STRIP = NO;
				CURRENT_PROJECT_VERSION = 1;
				DEBUG_INFORMATION_FORMAT = "dwarf-with-dsym";
				ENABLE_NS_ASSERTIONS = NO;
				ENABLE_STRICT_OBJC_MSGSEND = YES;
				GCC_C_LANGUAGE_STANDARD = gnu11;
				GCC_NO_COMMON_BLOCKS = YES;
				GCC_WARN_64_TO_32_BIT_CONVERSION = YES;
				GCC_WARN_ABOUT_RETURN_TYPE = YES_ERROR;
				GCC_WARN_UNDECLARED_SELECTOR = YES;
				GCC_WARN_UNINITIALIZED_AUTOS = YES_AGGRESSIVE;
				GCC_WARN_UNUSED_FUNCTION = YES;
				GCC_WARN_UNUSED_VARIABLE = YES;
				IPHONEOS_DEPLOYMENT_TARGET = 13.0;
				MTL_ENABLE_DEBUG_INFO = NO;
				MTL_FAST_MATH = YES;
				SDKROOT = iphoneos;
				SWIFT_COMPILATION_MODE = wholemodule;
				SWIFT_OPTIMIZATION_LEVEL = "-O";
				VALIDATE_PRODUCT = YES;
				VERSIONING_SYSTEM = "apple-generic";
				VERSION_INFO_PREFIX = "";
			};
			name = Release;
		};
		8BA121872350DA2300C4C3D8 /* Debug */ = {
			isa = XCBuildConfiguration;
			buildSettings = {
				CLANG_ENABLE_MODULES = YES;
				CODE_SIGN_STYLE = Automatic;
				DEFINES_MODULE = YES;
				DEVELOPMENT_TEAM = 77BN2H677F;
				DYLIB_COMPATIBILITY_VERSION = 1;
				DYLIB_CURRENT_VERSION = 1;
				DYLIB_INSTALL_NAME_BASE = "@rpath";
				INFOPLIST_FILE = Matrix/Info.plist;
				INSTALL_PATH = "$(LOCAL_LIBRARY_DIR)/Frameworks";
				LD_RUNPATH_SEARCH_PATHS = (
					"$(inherited)",
					"@executable_path/Frameworks",
					"@loader_path/Frameworks",
				);
				PRODUCT_BUNDLE_IDENTIFIER = global.star.Matrix;
				PRODUCT_NAME = "$(TARGET_NAME:c99extidentifier)";
				SKIP_INSTALL = YES;
				SWIFT_OPTIMIZATION_LEVEL = "-Onone";
				SWIFT_VERSION = 5.0;
				TARGETED_DEVICE_FAMILY = "1,2";
			};
			name = Debug;
		};
		8BA121882350DA2300C4C3D8 /* Release */ = {
			isa = XCBuildConfiguration;
			buildSettings = {
				CLANG_ENABLE_MODULES = YES;
				CODE_SIGN_STYLE = Automatic;
				DEFINES_MODULE = YES;
				DEVELOPMENT_TEAM = 77BN2H677F;
				DYLIB_COMPATIBILITY_VERSION = 1;
				DYLIB_CURRENT_VERSION = 1;
				DYLIB_INSTALL_NAME_BASE = "@rpath";
				INFOPLIST_FILE = Matrix/Info.plist;
				INSTALL_PATH = "$(LOCAL_LIBRARY_DIR)/Frameworks";
				LD_RUNPATH_SEARCH_PATHS = (
					"$(inherited)",
					"@executable_path/Frameworks",
					"@loader_path/Frameworks",
				);
				PRODUCT_BUNDLE_IDENTIFIER = global.star.Matrix;
				PRODUCT_NAME = "$(TARGET_NAME:c99extidentifier)";
				SKIP_INSTALL = YES;
				SWIFT_VERSION = 5.0;
				TARGETED_DEVICE_FAMILY = "1,2";
			};
			name = Release;
		};
		8BA1218A2350DA2300C4C3D8 /* Debug */ = {
			isa = XCBuildConfiguration;
			buildSettings = {
				ALWAYS_EMBED_SWIFT_STANDARD_LIBRARIES = YES;
				CODE_SIGN_STYLE = Automatic;
				DEVELOPMENT_TEAM = 77BN2H677F;
				INFOPLIST_FILE = MatrixTests/Info.plist;
				LD_RUNPATH_SEARCH_PATHS = (
					"$(inherited)",
					"@executable_path/Frameworks",
					"@loader_path/Frameworks",
				);
				PRODUCT_BUNDLE_IDENTIFIER = global.star.MatrixTests;
				PRODUCT_NAME = "$(TARGET_NAME)";
				SWIFT_VERSION = 5.0;
				TARGETED_DEVICE_FAMILY = "1,2";
			};
			name = Debug;
		};
		8BA1218B2350DA2300C4C3D8 /* Release */ = {
			isa = XCBuildConfiguration;
			buildSettings = {
				ALWAYS_EMBED_SWIFT_STANDARD_LIBRARIES = YES;
				CODE_SIGN_STYLE = Automatic;
				DEVELOPMENT_TEAM = 77BN2H677F;
				INFOPLIST_FILE = MatrixTests/Info.plist;
				LD_RUNPATH_SEARCH_PATHS = (
					"$(inherited)",
					"@executable_path/Frameworks",
					"@loader_path/Frameworks",
				);
				PRODUCT_BUNDLE_IDENTIFIER = global.star.MatrixTests;
				PRODUCT_NAME = "$(TARGET_NAME)";
				SWIFT_VERSION = 5.0;
				TARGETED_DEVICE_FAMILY = "1,2";
			};
			name = Release;
		};
/* End XCBuildConfiguration section */

/* Begin XCConfigurationList section */
		8BA1216C2350DA2300C4C3D8 /* Build configuration list for PBXProject "Matrix" */ = {
			isa = XCConfigurationList;
			buildConfigurations = (
				8BA121842350DA2300C4C3D8 /* Debug */,
				8BA121852350DA2300C4C3D8 /* Release */,
			);
			defaultConfigurationIsVisible = 0;
			defaultConfigurationName = Release;
		};
		8BA121862350DA2300C4C3D8 /* Build configuration list for PBXNativeTarget "Matrix" */ = {
			isa = XCConfigurationList;
			buildConfigurations = (
				8BA121872350DA2300C4C3D8 /* Debug */,
				8BA121882350DA2300C4C3D8 /* Release */,
			);
			defaultConfigurationIsVisible = 0;
			defaultConfigurationName = Release;
		};
		8BA121892350DA2300C4C3D8 /* Build configuration list for PBXNativeTarget "MatrixTests" */ = {
			isa = XCConfigurationList;
			buildConfigurations = (
				8BA1218A2350DA2300C4C3D8 /* Debug */,
				8BA1218B2350DA2300C4C3D8 /* Release */,
			);
			defaultConfigurationIsVisible = 0;
			defaultConfigurationName = Release;
		};
/* End XCConfigurationList section */
	};
	rootObject = 8BA121692350DA2300C4C3D8 /* Project object */;
}
